
Microsoft Visual Studio Solution File, Format Version 12.00
# Visual Studio Version 17
Project("{8BC9CEB8-8B4A-11D0-8D11-00A0C91BC942}") = "ALL_BUILD", "ALL_BUILD.vcxproj", "{7ACA19FC-5B2E-3290-8FDE-5E7249F70BE2}"
	ProjectSection(ProjectDependencies) = postProject
		{9CA50F3E-6676-3447-8F6F-611DEF946F79} = {9CA50F3E-6676-3447-8F6F-611DEF946F79}
		{F99D5EB0-A35A-392E-8AEF-175FD9C005B0} = {F99D5EB0-A35A-392E-8AEF-175FD9C005B0}
		{D817C6A9-0E08-35C2-9A93-EDBAE0079F58} = {D817C6A9-0E08-35C2-9A93-EDBAE0079F58}
		{683384E4-29F6-3654-BED6-201FA0B0561A} = {683384E4-29F6-3654-BED6-201FA0B0561A}
	EndProjectSection
EndProject
Project("{8BC9CEB8-8B4A-11D0-8D11-00A0C91BC942}") = "INSTALL", "INSTALL.vcxproj", "{026F7872-48F4-35AB-B1CF-0AFE87A743A9}"
	ProjectSection(ProjectDependencies) = postProject
		{7ACA19FC-5B2E-3290-8FDE-5E7249F70BE2} = {7ACA19FC-5B2E-3290-8FDE-5E7249F70BE2}
		{9CA50F3E-6676-3447-8F6F-611DEF946F79} = {9CA50F3E-6676-3447-8F6F-611DEF946F79}
	EndProjectSection
EndProject
Project("{8BC9CEB8-8B4A-11D0-8D11-00A0C91BC942}") = "UpdateAssimpLibsDebugSymbolsAndDLLs", "UpdateAssimpLibsDebugSymbolsAndDLLs.vcxproj", "{6F563016-4A89-3AB9-AC84-58E1CCF9677B}"
	ProjectSection(ProjectDependencies) = postProject
		{9CA50F3E-6676-3447-8F6F-611DEF946F79} = {9CA50F3E-6676-3447-8F6F-611DEF946F79}
	EndProjectSection
EndProject
Project("{8BC9CEB8-8B4A-11D0-8D11-00A0C91BC942}") = "ZERO_CHECK", "ZERO_CHECK.vcxproj", "{9CA50F3E-6676-3447-8F6F-611DEF946F79}"
	ProjectSection(ProjectDependencies) = postProject
	EndProjectSection
EndProject
Project("{8BC9CEB8-8B4A-11D0-8D11-00A0C91BC942}") = "assimp", "code\assimp.vcxproj", "{F99D5EB0-A35A-392E-8AEF-175FD9C005B0}"
	ProjectSection(ProjectDependencies) = postProject
		{9CA50F3E-6676-3447-8F6F-611DEF946F79} = {9CA50F3E-6676-3447-8F6F-611DEF946F79}
		{683384E4-29F6-3654-BED6-201FA0B0561A} = {683384E4-29F6-3654-BED6-201FA0B0561A}
	EndProjectSection
EndProject
Project("{8BC9CEB8-8B4A-11D0-8D11-00A0C91BC942}") = "uninstall", "uninstall.vcxproj", "{AE3A4DD9-2A95-3B5C-ABC3-C27139C80055}"
	ProjectSection(ProjectDependencies) = postProject
		{9CA50F3E-6676-3447-8F6F-611DEF946F79} = {9CA50F3E-6676-3447-8F6F-611DEF946F79}
	EndProjectSection
EndProject
Project("{8BC9CEB8-8B4A-11D0-8D11-00A0C91BC942}") = "unit", "test\unit.vcxproj", "{D817C6A9-0E08-35C2-9A93-EDBAE0079F58}"
	ProjectSection(ProjectDependencies) = postProject
		{9CA50F3E-6676-3447-8F6F-611DEF946F79} = {9CA50F3E-6676-3447-8F6F-611DEF946F79}
		{F99D5EB0-A35A-392E-8AEF-175FD9C005B0} = {F99D5EB0-A35A-392E-8AEF-175FD9C005B0}
		{683384E4-29F6-3654-BED6-201FA0B0561A} = {683384E4-29F6-3654-BED6-201FA0B0561A}
	EndProjectSection
EndProject
Project("{8BC9CEB8-8B4A-11D0-8D11-00A0C91BC942}") = "zlibstatic", "contrib\zlib\zlibstatic.vcxproj", "{683384E4-29F6-3654-BED6-201FA0B0561A}"
	ProjectSection(ProjectDependencies) = postProject
		{9CA50F3E-6676-3447-8F6F-611DEF946F79} = {9CA50F3E-6676-3447-8F6F-611DEF946F79}
	EndProjectSection
EndProject
Global
	GlobalSection(SolutionConfigurationPlatforms) = preSolution
		Debug|x64 = Debug|x64
		Release|x64 = Release|x64
		MinSizeRel|x64 = MinSizeRel|x64
		RelWithDebInfo|x64 = RelWithDebInfo|x64
	EndGlobalSection
	GlobalSection(ProjectConfigurationPlatforms) = postSolution
		{7ACA19FC-5B2E-3290-8FDE-5E7249F70BE2}.Debug|x64.ActiveCfg = Debug|x64
		{7ACA19FC-5B2E-3290-8FDE-5E7249F70BE2}.Debug|x64.Build.0 = Debug|x64
		{7ACA19FC-5B2E-3290-8FDE-5E7249F70BE2}.Release|x64.ActiveCfg = Release|x64
		{7ACA19FC-5B2E-3290-8FDE-5E7249F70BE2}.Release|x64.Build.0 = Release|x64
		{7ACA19FC-5B2E-3290-8FDE-5E7249F70BE2}.MinSizeRel|x64.ActiveCfg = MinSizeRel|x64
		{7ACA19FC-5B2E-3290-8FDE-5E7249F70BE2}.MinSizeRel|x64.Build.0 = MinSizeRel|x64
		{7ACA19FC-5B2E-3290-8FDE-5E7249F70BE2}.RelWithDebInfo|x64.ActiveCfg = RelWithDebInfo|x64
		{7ACA19FC-5B2E-3290-8FDE-5E7249F70BE2}.RelWithDebInfo|x64.Build.0 = RelWithDebInfo|x64
		{026F7872-48F4-35AB-B1CF-0AFE87A743A9}.Debug|x64.ActiveCfg = Debug|x64
		{026F7872-48F4-35AB-B1CF-0AFE87A743A9}.Release|x64.ActiveCfg = Release|x64
		{026F7872-48F4-35AB-B1CF-0AFE87A743A9}.MinSizeRel|x64.ActiveCfg = MinSizeRel|x64
		{026F7872-48F4-35AB-B1CF-0AFE87A743A9}.RelWithDebInfo|x64.ActiveCfg = RelWithDebInfo|x64
		{6F563016-4A89-3AB9-AC84-58E1CCF9677B}.Debug|x64.ActiveCfg = Debug|x64
		{6F563016-4A89-3AB9-AC84-58E1CCF9677B}.Release|x64.ActiveCfg = Release|x64
		{6F563016-4A89-3AB9-AC84-58E1CCF9677B}.MinSizeRel|x64.ActiveCfg = MinSizeRel|x64
		{6F563016-4A89-3AB9-AC84-58E1CCF9677B}.RelWithDebInfo|x64.ActiveCfg = RelWithDebInfo|x64
		{9CA50F3E-6676-3447-8F6F-611DEF946F79}.Debug|x64.ActiveCfg = Debug|x64
		{9CA50F3E-6676-3447-8F6F-611DEF946F79}.Debug|x64.Build.0 = Debug|x64
		{9CA50F3E-6676-3447-8F6F-611DEF946F79}.Release|x64.ActiveCfg = Release|x64
		{9CA50F3E-6676-3447-8F6F-611DEF946F79}.Release|x64.Build.0 = Release|x64
		{9CA50F3E-6676-3447-8F6F-611DEF946F79}.MinSizeRel|x64.ActiveCfg = MinSizeRel|x64
		{9CA50F3E-6676-3447-8F6F-611DEF946F79}.MinSizeRel|x64.Build.0 = MinSizeRel|x64
		{9CA50F3E-6676-3447-8F6F-611DEF946F79}.RelWithDebInfo|x64.ActiveCfg = RelWithDebInfo|x64
		{9CA50F3E-6676-3447-8F6F-611DEF946F79}.RelWithDebInfo|x64.Build.0 = RelWithDebInfo|x64
		{F99D5EB0-A35A-392E-8AEF-175FD9C005B0}.Debug|x64.ActiveCfg = Debug|x64
		{F99D5EB0-A35A-392E-8AEF-175FD9C005B0}.Debug|x64.Build.0 = Debug|x64
		{F99D5EB0-A35A-392E-8AEF-175FD9C005B0}.Release|x64.ActiveCfg = Release|x64
		{F99D5EB0-A35A-392E-8AEF-175FD9C005B0}.Release|x64.Build.0 = Release|x64
		{F99D5EB0-A35A-392E-8AEF-175FD9C005B0}.MinSizeRel|x64.ActiveCfg = MinSizeRel|x64
		{F99D5EB0-A35A-392E-8AEF-175FD9C005B0}.MinSizeRel|x64.Build.0 = MinSizeRel|x64
		{F99D5EB0-A35A-392E-8AEF-175FD9C005B0}.RelWithDebInfo|x64.ActiveCfg = RelWithDebInfo|x64
		{F99D5EB0-A35A-392E-8AEF-175FD9C005B0}.RelWithDebInfo|x64.Build.0 = RelWithDebInfo|x64
		{AE3A4DD9-2A95-3B5C-ABC3-C27139C80055}.Debug|x64.ActiveCfg = Debug|x64
		{AE3A4DD9-2A95-3B5C-ABC3-C27139C80055}.Release|x64.ActiveCfg = Release|x64
		{AE3A4DD9-2A95-3B5C-ABC3-C27139C80055}.MinSizeRel|x64.ActiveCfg = MinSizeRel|x64
		{AE3A4DD9-2A95-3B5C-ABC3-C27139C80055}.RelWithDebInfo|x64.ActiveCfg = RelWithDebInfo|x64
		{D817C6A9-0E08-35C2-9A93-EDBAE0079F58}.Debug|x64.ActiveCfg = Debug|x64
		{D817C6A9-0E08-35C2-9A93-EDBAE0079F58}.Debug|x64.Build.0 = Debug|x64
		{D817C6A9-0E08-35C2-9A93-EDBAE0079F58}.Release|x64.ActiveCfg = Release|x64
		{D817C6A9-0E08-35C2-9A93-EDBAE0079F58}.Release|x64.Build.0 = Release|x64
		{D817C6A9-0E08-35C2-9A93-EDBAE0079F58}.MinSizeRel|x64.ActiveCfg = MinSizeRel|x64
		{D817C6A9-0E08-35C2-9A93-EDBAE0079F58}.MinSizeRel|x64.Build.0 = MinSizeRel|x64
		{D817C6A9-0E08-35C2-9A93-EDBAE0079F58}.RelWithDebInfo|x64.ActiveCfg = RelWithDebInfo|x64
		{D817C6A9-0E08-35C2-9A93-EDBAE0079F58}.RelWithDebInfo|x64.Build.0 = RelWithDebInfo|x64
		{683384E4-29F6-3654-BED6-201FA0B0561A}.Debug|x64.ActiveCfg = Debug|x64
		{683384E4-29F6-3654-BED6-201FA0B0561A}.Debug|x64.Build.0 = Debug|x64
		{683384E4-29F6-3654-BED6-201FA0B0561A}.Release|x64.ActiveCfg = Release|x64
		{683384E4-29F6-3654-BED6-201FA0B0561A}.Release|x64.Build.0 = Release|x64
		{683384E4-29F6-3654-BED6-201FA0B0561A}.MinSizeRel|x64.ActiveCfg = MinSizeRel|x64
		{683384E4-29F6-3654-BED6-201FA0B0561A}.MinSizeRel|x64.Build.0 = MinSizeRel|x64
		{683384E4-29F6-3654-BED6-201FA0B0561A}.RelWithDebInfo|x64.ActiveCfg = RelWithDebInfo|x64
		{683384E4-29F6-3654-BED6-201FA0B0561A}.RelWithDebInfo|x64.Build.0 = RelWithDebInfo|x64
	EndGlobalSection
	GlobalSection(ExtensibilityGlobals) = postSolution
		SolutionGuid = {551A5A61-5779-3362-BF83-487C5BEC7886}
	EndGlobalSection
	GlobalSection(ExtensibilityAddIns) = postSolution
	EndGlobalSection
EndGlobal
